// !$*UTF8*$!
{
	archiveVersion = 1;
	classes = {
	};
	objectVersion = 50;
	objects = {

/* Begin PBXBuildFile section */
		B6DE35D42292A2300080A16D /* AppDelegate.swift in Sources */ = {isa = PBXBuildFile; fileRef = B6DE35D32292A2300080A16D /* AppDelegate.swift */; };
		B6DE35D62292A2300080A16D /* ViewController.swift in Sources */ = {isa = PBXBuildFile; fileRef = B6DE35D52292A2300080A16D /* ViewController.swift */; };
		B6DE35D92292A2300080A16D /* Main.storyboard in Resources */ = {isa = PBXBuildFile; fileRef = B6DE35D72292A2300080A16D /* Main.storyboard */; };
		B6DE35DC2292A2300080A16D /* TripTravel.xcdatamodeld in Sources */ = {isa = PBXBuildFile; fileRef = B6DE35DA2292A2300080A16D /* TripTravel.xcdatamodeld */; };
		B6DE35DE2292A2320080A16D /* Assets.xcassets in Resources */ = {isa = PBXBuildFile; fileRef = B6DE35DD2292A2320080A16D /* Assets.xcassets */; };
		B6DE35E12292A2320080A16D /* LaunchScreen.storyboard in Resources */ = {isa = PBXBuildFile; fileRef = B6DE35DF2292A2320080A16D /* LaunchScreen.storyboard */; };
		B6DE35F82292A3270080A16D /* APIServiceObject.swift in Sources */ = {isa = PBXBuildFile; fileRef = B6DE35F42292A3260080A16D /* APIServiceObject.swift */; };
		B6DE35F92292A3270080A16D /* FoodService.swift in Sources */ = {isa = PBXBuildFile; fileRef = B6DE35F52292A3260080A16D /* FoodService.swift */; };
		B6DE35FA2292A3270080A16D /* APIServiceAgent.swift in Sources */ = {isa = PBXBuildFile; fileRef = B6DE35F62292A3270080A16D /* APIServiceAgent.swift */; };
		B6DE35FB2292A3270080A16D /* APIRequestProvider.swift in Sources */ = {isa = PBXBuildFile; fileRef = B6DE35F72292A3270080A16D /* APIRequestProvider.swift */; };
		B6DE360B2292A3D50080A16D /* UIColor.swift in Sources */ = {isa = PBXBuildFile; fileRef = B6DE35FC2292A3D30080A16D /* UIColor.swift */; };
		B6DE360C2292A3D50080A16D /* UIButtomCustomExtension.swift in Sources */ = {isa = PBXBuildFile; fileRef = B6DE35FD2292A3D30080A16D /* UIButtomCustomExtension.swift */; };
		B6DE360D2292A3D50080A16D /* UIBarButtonItemExtension.swift in Sources */ = {isa = PBXBuildFile; fileRef = B6DE35FE2292A3D30080A16D /* UIBarButtonItemExtension.swift */; };
		B6DE360E2292A3D50080A16D /* NSErrorExtension.swift in Sources */ = {isa = PBXBuildFile; fileRef = B6DE35FF2292A3D30080A16D /* NSErrorExtension.swift */; };
		B6DE360F2292A3D50080A16D /* UICustomViewExtension.swift in Sources */ = {isa = PBXBuildFile; fileRef = B6DE36002292A3D30080A16D /* UICustomViewExtension.swift */; };
		B6DE36102292A3D50080A16D /* UITableViewHeaderFooterViewExtension.swift in Sources */ = {isa = PBXBuildFile; fileRef = B6DE36012292A3D30080A16D /* UITableViewHeaderFooterViewExtension.swift */; };
		B6DE36112292A3D50080A16D /* UICollectionViewCellExtension.swift in Sources */ = {isa = PBXBuildFile; fileRef = B6DE36022292A3D30080A16D /* UICollectionViewCellExtension.swift */; };
		B6DE36122292A3D50080A16D /* UIImageViewExtension.swift in Sources */ = {isa = PBXBuildFile; fileRef = B6DE36032292A3D40080A16D /* UIImageViewExtension.swift */; };
		B6DE36132292A3D50080A16D /* GradiantView.swift in Sources */ = {isa = PBXBuildFile; fileRef = B6DE36042292A3D40080A16D /* GradiantView.swift */; };
		B6DE36142292A3D50080A16D /* UIColorExtension.swift in Sources */ = {isa = PBXBuildFile; fileRef = B6DE36052292A3D40080A16D /* UIColorExtension.swift */; };
		B6DE36152292A3D50080A16D /* StringExtension.swift in Sources */ = {isa = PBXBuildFile; fileRef = B6DE36062292A3D40080A16D /* StringExtension.swift */; };
		B6DE36162292A3D50080A16D /* UIViewControllerExtension.swift in Sources */ = {isa = PBXBuildFile; fileRef = B6DE36072292A3D40080A16D /* UIViewControllerExtension.swift */; };
		B6DE36172292A3D50080A16D /* UITableViewCellExtension.swift in Sources */ = {isa = PBXBuildFile; fileRef = B6DE36082292A3D40080A16D /* UITableViewCellExtension.swift */; };
		B6DE36182292A3D50080A16D /* UINotificationExtension.swift in Sources */ = {isa = PBXBuildFile; fileRef = B6DE36092292A3D40080A16D /* UINotificationExtension.swift */; };
		B6DE36192292A3D50080A16D /* UIViewExtension.swift in Sources */ = {isa = PBXBuildFile; fileRef = B6DE360A2292A3D50080A16D /* UIViewExtension.swift */; };
		B6DE361C2292A3DB0080A16D /* Enum.swift in Sources */ = {isa = PBXBuildFile; fileRef = B6DE361A2292A3DB0080A16D /* Enum.swift */; };
		B6DE361D2292A3DB0080A16D /* Constants.swift in Sources */ = {isa = PBXBuildFile; fileRef = B6DE361B2292A3DB0080A16D /* Constants.swift */; };
		B6DE361F2292AC210080A16D /* country.json in Resources */ = {isa = PBXBuildFile; fileRef = B6DE361E2292AC210080A16D /* country.json */; };
		B6DE36252292AEF50080A16D /* HomeViewController.swift in Sources */ = {isa = PBXBuildFile; fileRef = B6DE36232292AEF50080A16D /* HomeViewController.swift */; };
		B6DE36262292AEF50080A16D /* HomeViewController.xib in Resources */ = {isa = PBXBuildFile; fileRef = B6DE36242292AEF50080A16D /* HomeViewController.xib */; };
		B6DE362C2292B6E20080A16D /* BaseNavigationController.swift in Sources */ = {isa = PBXBuildFile; fileRef = B6DE36292292B6E10080A16D /* BaseNavigationController.swift */; };
		B6DE362D2292B6E20080A16D /* BaseViewController.swift in Sources */ = {isa = PBXBuildFile; fileRef = B6DE362A2292B6E20080A16D /* BaseViewController.swift */; };
		B6DE362E2292B6E20080A16D /* BaseTableViewCell.swift in Sources */ = {isa = PBXBuildFile; fileRef = B6DE362B2292B6E20080A16D /* BaseTableViewCell.swift */; };
		B6DE36322292BA3F0080A16D /* HomeItemCollectionViewCell.swift in Sources */ = {isa = PBXBuildFile; fileRef = B6DE36302292BA3F0080A16D /* HomeItemCollectionViewCell.swift */; };
		B6DE36332292BA3F0080A16D /* HomeItemCollectionViewCell.xib in Resources */ = {isa = PBXBuildFile; fileRef = B6DE36312292BA3F0080A16D /* HomeItemCollectionViewCell.xib */; };
		B6DE36352292BBC20080A16D /* HomeViewModel.swift in Sources */ = {isa = PBXBuildFile; fileRef = B6DE36342292BBC20080A16D /* HomeViewModel.swift */; };
		B6DE36372292BD530080A16D /* CountryDTO.swift in Sources */ = {isa = PBXBuildFile; fileRef = B6DE36362292BD530080A16D /* CountryDTO.swift */; };
		B6DE36392292BD5C0080A16D /* CountryModel.swift in Sources */ = {isa = PBXBuildFile; fileRef = B6DE36382292BD5C0080A16D /* CountryModel.swift */; };
		FD860C3FA5EEC4D95198D0CF /* Pods_TripTravel.framework in Frameworks */ = {isa = PBXBuildFile; fileRef = 9B4F2C1ABA9EB0FFE3B86E9F /* Pods_TripTravel.framework */; };
/* End PBXBuildFile section */

/* Begin PBXFileReference section */
		3F88508E5CB4A063AB234A01 /* Pods-TripTravel.release.xcconfig */ = {isa = PBXFileReference; includeInIndex = 1; lastKnownFileType = text.xcconfig; name = "Pods-TripTravel.release.xcconfig"; path = "Target Support Files/Pods-TripTravel/Pods-TripTravel.release.xcconfig"; sourceTree = "<group>"; };
		61A033BEB3A3C3EAE05A6815 /* Pods-TripTravel.debug.xcconfig */ = {isa = PBXFileReference; includeInIndex = 1; lastKnownFileType = text.xcconfig; name = "Pods-TripTravel.debug.xcconfig"; path = "Target Support Files/Pods-TripTravel/Pods-TripTravel.debug.xcconfig"; sourceTree = "<group>"; };
		9B4F2C1ABA9EB0FFE3B86E9F /* Pods_TripTravel.framework */ = {isa = PBXFileReference; explicitFileType = wrapper.framework; includeInIndex = 0; path = Pods_TripTravel.framework; sourceTree = BUILT_PRODUCTS_DIR; };
		B6DE35D02292A2300080A16D /* TripTravel.app */ = {isa = PBXFileReference; explicitFileType = wrapper.application; includeInIndex = 0; path = TripTravel.app; sourceTree = BUILT_PRODUCTS_DIR; };
		B6DE35D32292A2300080A16D /* AppDelegate.swift */ = {isa = PBXFileReference; lastKnownFileType = sourcecode.swift; path = AppDelegate.swift; sourceTree = "<group>"; };
		B6DE35D52292A2300080A16D /* ViewController.swift */ = {isa = PBXFileReference; lastKnownFileType = sourcecode.swift; path = ViewController.swift; sourceTree = "<group>"; };
		B6DE35D82292A2300080A16D /* Base */ = {isa = PBXFileReference; lastKnownFileType = file.storyboard; name = Base; path = Base.lproj/Main.storyboard; sourceTree = "<group>"; };
		B6DE35DB2292A2300080A16D /* TripTravel.xcdatamodel */ = {isa = PBXFileReference; lastKnownFileType = wrapper.xcdatamodel; path = TripTravel.xcdatamodel; sourceTree = "<group>"; };
		B6DE35DD2292A2320080A16D /* Assets.xcassets */ = {isa = PBXFileReference; lastKnownFileType = folder.assetcatalog; path = Assets.xcassets; sourceTree = "<group>"; };
		B6DE35E02292A2320080A16D /* Base */ = {isa = PBXFileReference; lastKnownFileType = file.storyboard; name = Base; path = Base.lproj/LaunchScreen.storyboard; sourceTree = "<group>"; };
		B6DE35E22292A2320080A16D /* Info.plist */ = {isa = PBXFileReference; lastKnownFileType = text.plist.xml; path = Info.plist; sourceTree = "<group>"; };
		B6DE35F42292A3260080A16D /* APIServiceObject.swift */ = {isa = PBXFileReference; fileEncoding = 4; lastKnownFileType = sourcecode.swift; path = APIServiceObject.swift; sourceTree = "<group>"; };
		B6DE35F52292A3260080A16D /* FoodService.swift */ = {isa = PBXFileReference; fileEncoding = 4; lastKnownFileType = sourcecode.swift; path = FoodService.swift; sourceTree = "<group>"; };
		B6DE35F62292A3270080A16D /* APIServiceAgent.swift */ = {isa = PBXFileReference; fileEncoding = 4; lastKnownFileType = sourcecode.swift; path = APIServiceAgent.swift; sourceTree = "<group>"; };
		B6DE35F72292A3270080A16D /* APIRequestProvider.swift */ = {isa = PBXFileReference; fileEncoding = 4; lastKnownFileType = sourcecode.swift; path = APIRequestProvider.swift; sourceTree = "<group>"; };
		B6DE35FC2292A3D30080A16D /* UIColor.swift */ = {isa = PBXFileReference; fileEncoding = 4; lastKnownFileType = sourcecode.swift; path = UIColor.swift; sourceTree = "<group>"; };
		B6DE35FD2292A3D30080A16D /* UIButtomCustomExtension.swift */ = {isa = PBXFileReference; fileEncoding = 4; lastKnownFileType = sourcecode.swift; path = UIButtomCustomExtension.swift; sourceTree = "<group>"; };
		B6DE35FE2292A3D30080A16D /* UIBarButtonItemExtension.swift */ = {isa = PBXFileReference; fileEncoding = 4; lastKnownFileType = sourcecode.swift; path = UIBarButtonItemExtension.swift; sourceTree = "<group>"; };
		B6DE35FF2292A3D30080A16D /* NSErrorExtension.swift */ = {isa = PBXFileReference; fileEncoding = 4; lastKnownFileType = sourcecode.swift; path = NSErrorExtension.swift; sourceTree = "<group>"; };
		B6DE36002292A3D30080A16D /* UICustomViewExtension.swift */ = {isa = PBXFileReference; fileEncoding = 4; lastKnownFileType = sourcecode.swift; path = UICustomViewExtension.swift; sourceTree = "<group>"; };
		B6DE36012292A3D30080A16D /* UITableViewHeaderFooterViewExtension.swift */ = {isa = PBXFileReference; fileEncoding = 4; lastKnownFileType = sourcecode.swift; path = UITableViewHeaderFooterViewExtension.swift; sourceTree = "<group>"; };
		B6DE36022292A3D30080A16D /* UICollectionViewCellExtension.swift */ = {isa = PBXFileReference; fileEncoding = 4; lastKnownFileType = sourcecode.swift; path = UICollectionViewCellExtension.swift; sourceTree = "<group>"; };
		B6DE36032292A3D40080A16D /* UIImageViewExtension.swift */ = {isa = PBXFileReference; fileEncoding = 4; lastKnownFileType = sourcecode.swift; path = UIImageViewExtension.swift; sourceTree = "<group>"; };
		B6DE36042292A3D40080A16D /* GradiantView.swift */ = {isa = PBXFileReference; fileEncoding = 4; lastKnownFileType = sourcecode.swift; path = GradiantView.swift; sourceTree = "<group>"; };
		B6DE36052292A3D40080A16D /* UIColorExtension.swift */ = {isa = PBXFileReference; fileEncoding = 4; lastKnownFileType = sourcecode.swift; path = UIColorExtension.swift; sourceTree = "<group>"; };
		B6DE36062292A3D40080A16D /* StringExtension.swift */ = {isa = PBXFileReference; fileEncoding = 4; lastKnownFileType = sourcecode.swift; path = StringExtension.swift; sourceTree = "<group>"; };
		B6DE36072292A3D40080A16D /* UIViewControllerExtension.swift */ = {isa = PBXFileReference; fileEncoding = 4; lastKnownFileType = sourcecode.swift; path = UIViewControllerExtension.swift; sourceTree = "<group>"; };
		B6DE36082292A3D40080A16D /* UITableViewCellExtension.swift */ = {isa = PBXFileReference; fileEncoding = 4; lastKnownFileType = sourcecode.swift; path = UITableViewCellExtension.swift; sourceTree = "<group>"; };
		B6DE36092292A3D40080A16D /* UINotificationExtension.swift */ = {isa = PBXFileReference; fileEncoding = 4; lastKnownFileType = sourcecode.swift; path = UINotificationExtension.swift; sourceTree = "<group>"; };
		B6DE360A2292A3D50080A16D /* UIViewExtension.swift */ = {isa = PBXFileReference; fileEncoding = 4; lastKnownFileType = sourcecode.swift; path = UIViewExtension.swift; sourceTree = "<group>"; };
		B6DE361A2292A3DB0080A16D /* Enum.swift */ = {isa = PBXFileReference; fileEncoding = 4; lastKnownFileType = sourcecode.swift; path = Enum.swift; sourceTree = "<group>"; };
		B6DE361B2292A3DB0080A16D /* Constants.swift */ = {isa = PBXFileReference; fileEncoding = 4; lastKnownFileType = sourcecode.swift; path = Constants.swift; sourceTree = "<group>"; };
		B6DE361E2292AC210080A16D /* country.json */ = {isa = PBXFileReference; fileEncoding = 4; lastKnownFileType = text.json; path = country.json; sourceTree = "<group>"; };
		B6DE36232292AEF50080A16D /* HomeViewController.swift */ = {isa = PBXFileReference; lastKnownFileType = sourcecode.swift; path = HomeViewController.swift; sourceTree = "<group>"; };
		B6DE36242292AEF50080A16D /* HomeViewController.xib */ = {isa = PBXFileReference; lastKnownFileType = file.xib; path = HomeViewController.xib; sourceTree = "<group>"; };
		B6DE36292292B6E10080A16D /* BaseNavigationController.swift */ = {isa = PBXFileReference; fileEncoding = 4; lastKnownFileType = sourcecode.swift; path = BaseNavigationController.swift; sourceTree = "<group>"; };
		B6DE362A2292B6E20080A16D /* BaseViewController.swift */ = {isa = PBXFileReference; fileEncoding = 4; lastKnownFileType = sourcecode.swift; path = BaseViewController.swift; sourceTree = "<group>"; };
		B6DE362B2292B6E20080A16D /* BaseTableViewCell.swift */ = {isa = PBXFileReference; fileEncoding = 4; lastKnownFileType = sourcecode.swift; path = BaseTableViewCell.swift; sourceTree = "<group>"; };
		B6DE36302292BA3F0080A16D /* HomeItemCollectionViewCell.swift */ = {isa = PBXFileReference; lastKnownFileType = sourcecode.swift; path = HomeItemCollectionViewCell.swift; sourceTree = "<group>"; };
		B6DE36312292BA3F0080A16D /* HomeItemCollectionViewCell.xib */ = {isa = PBXFileReference; lastKnownFileType = file.xib; path = HomeItemCollectionViewCell.xib; sourceTree = "<group>"; };
		B6DE36342292BBC20080A16D /* HomeViewModel.swift */ = {isa = PBXFileReference; lastKnownFileType = sourcecode.swift; path = HomeViewModel.swift; sourceTree = "<group>"; };
		B6DE36362292BD530080A16D /* CountryDTO.swift */ = {isa = PBXFileReference; lastKnownFileType = sourcecode.swift; path = CountryDTO.swift; sourceTree = "<group>"; };
		B6DE36382292BD5C0080A16D /* CountryModel.swift */ = {isa = PBXFileReference; lastKnownFileType = sourcecode.swift; path = CountryModel.swift; sourceTree = "<group>"; };
/* End PBXFileReference section */

/* Begin PBXFrameworksBuildPhase section */
		B6DE35CD2292A2300080A16D /* Frameworks */ = {
			isa = PBXFrameworksBuildPhase;
			buildActionMask = 2147483647;
			files = (
				FD860C3FA5EEC4D95198D0CF /* Pods_TripTravel.framework in Frameworks */,
			);
			runOnlyForDeploymentPostprocessing = 0;
		};
/* End PBXFrameworksBuildPhase section */

/* Begin PBXGroup section */
		0632A9261926A54EB840FFF6 /* Pods */ = {
			isa = PBXGroup;
			children = (
				61A033BEB3A3C3EAE05A6815 /* Pods-TripTravel.debug.xcconfig */,
				3F88508E5CB4A063AB234A01 /* Pods-TripTravel.release.xcconfig */,
			);
			path = Pods;
			sourceTree = "<group>";
		};
		4ACF5A79941B1D7BA59EE60C /* Frameworks */ = {
			isa = PBXGroup;
			children = (
				9B4F2C1ABA9EB0FFE3B86E9F /* Pods_TripTravel.framework */,
			);
			name = Frameworks;
			sourceTree = "<group>";
		};
		B6DE35C72292A2300080A16D = {
			isa = PBXGroup;
			children = (
				B6DE35D22292A2300080A16D /* TripTravel */,
				B6DE35D12292A2300080A16D /* Products */,
				0632A9261926A54EB840FFF6 /* Pods */,
				4ACF5A79941B1D7BA59EE60C /* Frameworks */,
			);
			sourceTree = "<group>";
		};
		B6DE35D12292A2300080A16D /* Products */ = {
			isa = PBXGroup;
			children = (
				B6DE35D02292A2300080A16D /* TripTravel.app */,
			);
			name = Products;
			sourceTree = "<group>";
		};
		B6DE35D22292A2300080A16D /* TripTravel */ = {
			isa = PBXGroup;
			children = (
				B6DE36202292AC270080A16D /* Resource */,
				B6DE35EB2292A2A20080A16D /* Model */,
				B6DE35EA2292A2950080A16D /* Scense */,
				B6DE35E92292A2910080A16D /* Helper */,
				B6DE35E82292A28B0080A16D /* Base */,
				B6DE35D32292A2300080A16D /* AppDelegate.swift */,
				B6DE35D52292A2300080A16D /* ViewController.swift */,
				B6DE35D72292A2300080A16D /* Main.storyboard */,
				B6DE35DD2292A2320080A16D /* Assets.xcassets */,
				B6DE35DF2292A2320080A16D /* LaunchScreen.storyboard */,
				B6DE35E22292A2320080A16D /* Info.plist */,
				B6DE35DA2292A2300080A16D /* TripTravel.xcdatamodeld */,
			);
			path = TripTravel;
			sourceTree = "<group>";
		};
		B6DE35E82292A28B0080A16D /* Base */ = {
			isa = PBXGroup;
			children = (
				B6DE36292292B6E10080A16D /* BaseNavigationController.swift */,
				B6DE362B2292B6E20080A16D /* BaseTableViewCell.swift */,
				B6DE362A2292B6E20080A16D /* BaseViewController.swift */,
			);
			path = Base;
			sourceTree = "<group>";
		};
		B6DE35E92292A2910080A16D /* Helper */ = {
			isa = PBXGroup;
			children = (
				B6DE35F02292A2C40080A16D /* Extension */,
				B6DE35EF2292A2BF0080A16D /* Libary */,
				B6DE35EE2292A2B80080A16D /* Constants */,
				B6DE35ED2292A2B40080A16D /* Framework */,
				B6DE35EC2292A2AB0080A16D /* Common */,
			);
			path = Helper;
			sourceTree = "<group>";
		};
		B6DE35EA2292A2950080A16D /* Scense */ = {
			isa = PBXGroup;
			children = (
				B6DE36222292AEE20080A16D /* Home */,
			);
			path = Scense;
			sourceTree = "<group>";
		};
		B6DE35EB2292A2A20080A16D /* Model */ = {
			isa = PBXGroup;
			children = (
				B6DE35F32292A2DE0080A16D /* BusinessModel */,
				B6DE35F22292A2D80080A16D /* APIService */,
				B6DE35F12292A2D30080A16D /* DTO */,
			);
			path = Model;
			sourceTree = "<group>";
		};
		B6DE35EC2292A2AB0080A16D /* Common */ = {
			isa = PBXGroup;
			children = (
			);
			path = Common;
			sourceTree = "<group>";
		};
		B6DE35ED2292A2B40080A16D /* Framework */ = {
			isa = PBXGroup;
			children = (
			);
			path = Framework;
			sourceTree = "<group>";
		};
		B6DE35EE2292A2B80080A16D /* Constants */ = {
			isa = PBXGroup;
			children = (
				B6DE361B2292A3DB0080A16D /* Constants.swift */,
				B6DE361A2292A3DB0080A16D /* Enum.swift */,
			);
			path = Constants;
			sourceTree = "<group>";
		};
		B6DE35EF2292A2BF0080A16D /* Libary */ = {
			isa = PBXGroup;
			children = (
			);
			path = Libary;
			sourceTree = "<group>";
		};
		B6DE35F02292A2C40080A16D /* Extension */ = {
			isa = PBXGroup;
			children = (
				B6DE35FF2292A3D30080A16D /* NSErrorExtension.swift */,
				B6DE36042292A3D40080A16D /* GradiantView.swift */,
				B6DE36062292A3D40080A16D /* StringExtension.swift */,
				B6DE35FE2292A3D30080A16D /* UIBarButtonItemExtension.swift */,
				B6DE35FD2292A3D30080A16D /* UIButtomCustomExtension.swift */,
				B6DE36022292A3D30080A16D /* UICollectionViewCellExtension.swift */,
				B6DE35FC2292A3D30080A16D /* UIColor.swift */,
				B6DE36052292A3D40080A16D /* UIColorExtension.swift */,
				B6DE36002292A3D30080A16D /* UICustomViewExtension.swift */,
				B6DE36032292A3D40080A16D /* UIImageViewExtension.swift */,
				B6DE36092292A3D40080A16D /* UINotificationExtension.swift */,
				B6DE36082292A3D40080A16D /* UITableViewCellExtension.swift */,
				B6DE36012292A3D30080A16D /* UITableViewHeaderFooterViewExtension.swift */,
				B6DE36072292A3D40080A16D /* UIViewControllerExtension.swift */,
				B6DE360A2292A3D50080A16D /* UIViewExtension.swift */,
			);
			path = Extension;
			sourceTree = "<group>";
		};
		B6DE35F12292A2D30080A16D /* DTO */ = {
			isa = PBXGroup;
			children = (
				B6DE36362292BD530080A16D /* CountryDTO.swift */,
			);
			path = DTO;
			sourceTree = "<group>";
		};
		B6DE35F22292A2D80080A16D /* APIService */ = {
			isa = PBXGroup;
			children = (
				B6DE35F72292A3270080A16D /* APIRequestProvider.swift */,
				B6DE35F62292A3270080A16D /* APIServiceAgent.swift */,
				B6DE35F42292A3260080A16D /* APIServiceObject.swift */,
				B6DE35F52292A3260080A16D /* FoodService.swift */,
			);
			path = APIService;
			sourceTree = "<group>";
		};
		B6DE35F32292A2DE0080A16D /* BusinessModel */ = {
			isa = PBXGroup;
			children = (
				B6DE36382292BD5C0080A16D /* CountryModel.swift */,
			);
			path = BusinessModel;
			sourceTree = "<group>";
		};
		B6DE36202292AC270080A16D /* Resource */ = {
			isa = PBXGroup;
			children = (
				B6DE361E2292AC210080A16D /* country.json */,
			);
			path = Resource;
			sourceTree = "<group>";
		};
		B6DE36222292AEE20080A16D /* Home */ = {
			isa = PBXGroup;
			children = (
				B6DE362F2292BA1D0080A16D /* CustomView */,
				B6DE36282292B0F30080A16D /* ViewModel */,
				B6DE36272292B0EF0080A16D /* View */,
			);
			path = Home;
			sourceTree = "<group>";
		};
		B6DE36272292B0EF0080A16D /* View */ = {
			isa = PBXGroup;
			children = (
				B6DE36232292AEF50080A16D /* HomeViewController.swift */,
				B6DE36242292AEF50080A16D /* HomeViewController.xib */,
			);
			path = View;
			sourceTree = "<group>";
		};
		B6DE36282292B0F30080A16D /* ViewModel */ = {
			isa = PBXGroup;
			children = (
				B6DE36342292BBC20080A16D /* HomeViewModel.swift */,
			);
			path = ViewModel;
			sourceTree = "<group>";
		};
		B6DE362F2292BA1D0080A16D /* CustomView */ = {
			isa = PBXGroup;
			children = (
				B6DE36302292BA3F0080A16D /* HomeItemCollectionViewCell.swift */,
				B6DE36312292BA3F0080A16D /* HomeItemCollectionViewCell.xib */,
			);
			path = CustomView;
			sourceTree = "<group>";
		};
/* End PBXGroup section */

/* Begin PBXNativeTarget section */
		B6DE35CF2292A2300080A16D /* TripTravel */ = {
			isa = PBXNativeTarget;
			buildConfigurationList = B6DE35E52292A2320080A16D /* Build configuration list for PBXNativeTarget "TripTravel" */;
			buildPhases = (
				A956E36C7256D0C83AB20CF8 /* [CP] Check Pods Manifest.lock */,
				B6DE35CC2292A2300080A16D /* Sources */,
				B6DE35CD2292A2300080A16D /* Frameworks */,
				B6DE35CE2292A2300080A16D /* Resources */,
				1825DF775091F175A9421DFD /* [CP] Embed Pods Frameworks */,
			);
			buildRules = (
			);
			dependencies = (
			);
			name = TripTravel;
			productName = TripTravel;
			productReference = B6DE35D02292A2300080A16D /* TripTravel.app */;
			productType = "com.apple.product-type.application";
		};
/* End PBXNativeTarget section */

/* Begin PBXProject section */
		B6DE35C82292A2300080A16D /* Project object */ = {
			isa = PBXProject;
			attributes = {
				LastSwiftUpdateCheck = 1010;
				LastUpgradeCheck = 1010;
				ORGANIZATIONNAME = dattt;
				TargetAttributes = {
					B6DE35CF2292A2300080A16D = {
						CreatedOnToolsVersion = 10.1;
					};
				};
			};
			buildConfigurationList = B6DE35CB2292A2300080A16D /* Build configuration list for PBXProject "TripTravel" */;
			compatibilityVersion = "Xcode 9.3";
			developmentRegion = en;
			hasScannedForEncodings = 0;
			knownRegions = (
				en,
				Base,
			);
			mainGroup = B6DE35C72292A2300080A16D;
			productRefGroup = B6DE35D12292A2300080A16D /* Products */;
			projectDirPath = "";
			projectRoot = "";
			targets = (
				B6DE35CF2292A2300080A16D /* TripTravel */,
			);
		};
/* End PBXProject section */

/* Begin PBXResourcesBuildPhase section */
		B6DE35CE2292A2300080A16D /* Resources */ = {
			isa = PBXResourcesBuildPhase;
			buildActionMask = 2147483647;
			files = (
				B6DE361F2292AC210080A16D /* country.json in Resources */,
				B6DE35E12292A2320080A16D /* LaunchScreen.storyboard in Resources */,
				B6DE36332292BA3F0080A16D /* HomeItemCollectionViewCell.xib in Resources */,
				B6DE36262292AEF50080A16D /* HomeViewController.xib in Resources */,
				B6DE35DE2292A2320080A16D /* Assets.xcassets in Resources */,
				B6DE35D92292A2300080A16D /* Main.storyboard in Resources */,
			);
			runOnlyForDeploymentPostprocessing = 0;
		};
/* End PBXResourcesBuildPhase section */

/* Begin PBXShellScriptBuildPhase section */
		1825DF775091F175A9421DFD /* [CP] Embed Pods Frameworks */ = {
			isa = PBXShellScriptBuildPhase;
			buildActionMask = 2147483647;
			files = (
			);
			inputFileListPaths = (
			);
			inputPaths = (
				"${PODS_ROOT}/Target Support Files/Pods-TripTravel/Pods-TripTravel-frameworks.sh",
				"${BUILT_PRODUCTS_DIR}/Alamofire/Alamofire.framework",
				"${BUILT_PRODUCTS_DIR}/MBProgressHUD/MBProgressHUD.framework",
				"${BUILT_PRODUCTS_DIR}/PanModal/PanModal.framework",
				"${BUILT_PRODUCTS_DIR}/ReachabilitySwift/Reachability.framework",
				"${BUILT_PRODUCTS_DIR}/SwiftyJSON/SwiftyJSON.framework",
				"${BUILT_PRODUCTS_DIR}/Toast/Toast.framework",
			);
			name = "[CP] Embed Pods Frameworks";
			outputFileListPaths = (
			);
			outputPaths = (
				"${TARGET_BUILD_DIR}/${FRAMEWORKS_FOLDER_PATH}/Alamofire.framework",
				"${TARGET_BUILD_DIR}/${FRAMEWORKS_FOLDER_PATH}/MBProgressHUD.framework",
				"${TARGET_BUILD_DIR}/${FRAMEWORKS_FOLDER_PATH}/PanModal.framework",
				"${TARGET_BUILD_DIR}/${FRAMEWORKS_FOLDER_PATH}/Reachability.framework",
				"${TARGET_BUILD_DIR}/${FRAMEWORKS_FOLDER_PATH}/SwiftyJSON.framework",
				"${TARGET_BUILD_DIR}/${FRAMEWORKS_FOLDER_PATH}/Toast.framework",
			);
			runOnlyForDeploymentPostprocessing = 0;
			shellPath = /bin/sh;
			shellScript = "\"${PODS_ROOT}/Target Support Files/Pods-TripTravel/Pods-TripTravel-frameworks.sh\"\n";
			showEnvVarsInLog = 0;
		};
		A956E36C7256D0C83AB20CF8 /* [CP] Check Pods Manifest.lock */ = {
			isa = PBXShellScriptBuildPhase;
			buildActionMask = 2147483647;
			files = (
			);
			inputFileListPaths = (
			);
			inputPaths = (
				"${PODS_PODFILE_DIR_PATH}/Podfile.lock",
				"${PODS_ROOT}/Manifest.lock",
			);
			name = "[CP] Check Pods Manifest.lock";
			outputFileListPaths = (
			);
			outputPaths = (
				"$(DERIVED_FILE_DIR)/Pods-TripTravel-checkManifestLockResult.txt",
			);
			runOnlyForDeploymentPostprocessing = 0;
			shellPath = /bin/sh;
			shellScript = "diff \"${PODS_PODFILE_DIR_PATH}/Podfile.lock\" \"${PODS_ROOT}/Manifest.lock\" > /dev/null\nif [ $? != 0 ] ; then\n    # print error to STDERR\n    echo \"error: The sandbox is not in sync with the Podfile.lock. Run 'pod install' or update your CocoaPods installation.\" >&2\n    exit 1\nfi\n# This output is used by Xcode 'outputs' to avoid re-running this script phase.\necho \"SUCCESS\" > \"${SCRIPT_OUTPUT_FILE_0}\"\n";
			showEnvVarsInLog = 0;
		};
/* End PBXShellScriptBuildPhase section */

/* Begin PBXSourcesBuildPhase section */
		B6DE35CC2292A2300080A16D /* Sources */ = {
			isa = PBXSourcesBuildPhase;
			buildActionMask = 2147483647;
			files = (
				B6DE362C2292B6E20080A16D /* BaseNavigationController.swift in Sources */,
				B6DE36252292AEF50080A16D /* HomeViewController.swift in Sources */,
				B6DE36142292A3D50080A16D /* UIColorExtension.swift in Sources */,
				B6DE360D2292A3D50080A16D /* UIBarButtonItemExtension.swift in Sources */,
				B6DE362E2292B6E20080A16D /* BaseTableViewCell.swift in Sources */,
				B6DE36192292A3D50080A16D /* UIViewExtension.swift in Sources */,
				B6DE362D2292B6E20080A16D /* BaseViewController.swift in Sources */,
				B6DE35DC2292A2300080A16D /* TripTravel.xcdatamodeld in Sources */,
				B6DE36132292A3D50080A16D /* GradiantView.swift in Sources */,
				B6DE36112292A3D50080A16D /* UICollectionViewCellExtension.swift in Sources */,
				B6DE35D62292A2300080A16D /* ViewController.swift in Sources */,
				B6DE360C2292A3D50080A16D /* UIButtomCustomExtension.swift in Sources */,
				B6DE361C2292A3DB0080A16D /* Enum.swift in Sources */,
				B6DE36352292BBC20080A16D /* HomeViewModel.swift in Sources */,
				B6DE36182292A3D50080A16D /* UINotificationExtension.swift in Sources */,
				B6DE36172292A3D50080A16D /* UITableViewCellExtension.swift in Sources */,
				B6DE36122292A3D50080A16D /* UIImageViewExtension.swift in Sources */,
				B6DE36102292A3D50080A16D /* UITableViewHeaderFooterViewExtension.swift in Sources */,
				B6DE36392292BD5C0080A16D /* CountryModel.swift in Sources */,
				B6DE35FB2292A3270080A16D /* APIRequestProvider.swift in Sources */,
				B6DE35D42292A2300080A16D /* AppDelegate.swift in Sources */,
				B6DE36372292BD530080A16D /* CountryDTO.swift in Sources */,
				B6DE35F82292A3270080A16D /* APIServiceObject.swift in Sources */,
				B6DE360E2292A3D50080A16D /* NSErrorExtension.swift in Sources */,
				B6DE360B2292A3D50080A16D /* UIColor.swift in Sources */,
				B6DE36322292BA3F0080A16D /* HomeItemCollectionViewCell.swift in Sources */,
				B6DE36152292A3D50080A16D /* StringExtension.swift in Sources */,
				B6DE35FA2292A3270080A16D /* APIServiceAgent.swift in Sources */,
				B6DE36162292A3D50080A16D /* UIViewControllerExtension.swift in Sources */,
				B6DE35F92292A3270080A16D /* FoodService.swift in Sources */,
				B6DE360F2292A3D50080A16D /* UICustomViewExtension.swift in Sources */,
				B6DE361D2292A3DB0080A16D /* Constants.swift in Sources */,
			);
			runOnlyForDeploymentPostprocessing = 0;
		};
/* End PBXSourcesBuildPhase section */

/* Begin PBXVariantGroup section */
		B6DE35D72292A2300080A16D /* Main.storyboard */ = {
			isa = PBXVariantGroup;
			children = (
				B6DE35D82292A2300080A16D /* Base */,
			);
			name = Main.storyboard;
			sourceTree = "<group>";
		};
		B6DE35DF2292A2320080A16D /* LaunchScreen.storyboard */ = {
			isa = PBXVariantGroup;
			children = (
				B6DE35E02292A2320080A16D /* Base */,
			);
			name = LaunchScreen.storyboard;
			sourceTree = "<group>";
		};
/* End PBXVariantGroup section */

/* Begin XCBuildConfiguration section */
		B6DE35E32292A2320080A16D /* Debug */ = {
			isa = XCBuildConfiguration;
			buildSettings = {
				ALWAYS_SEARCH_USER_PATHS = NO;
				CLANG_ANALYZER_NONNULL = YES;
				CLANG_ANALYZER_NUMBER_OBJECT_CONVERSION = YES_AGGRESSIVE;
				CLANG_CXX_LANGUAGE_STANDARD = "gnu++14";
				CLANG_CXX_LIBRARY = "libc++";
				CLANG_ENABLE_MODULES = YES;
				CLANG_ENABLE_OBJC_ARC = YES;
				CLANG_ENABLE_OBJC_WEAK = YES;
				CLANG_WARN_BLOCK_CAPTURE_AUTORELEASING = YES;
				CLANG_WARN_BOOL_CONVERSION = YES;
				CLANG_WARN_COMMA = YES;
				CLANG_WARN_CONSTANT_CONVERSION = YES;
				CLANG_WARN_DEPRECATED_OBJC_IMPLEMENTATIONS = YES;
				CLANG_WARN_DIRECT_OBJC_ISA_USAGE = YES_ERROR;
				CLANG_WARN_DOCUMENTATION_COMMENTS = YES;
				CLANG_WARN_EMPTY_BODY = YES;
				CLANG_WARN_ENUM_CONVERSION = YES;
				CLANG_WARN_INFINITE_RECURSION = YES;
				CLANG_WARN_INT_CONVERSION = YES;
				CLANG_WARN_NON_LITERAL_NULL_CONVERSION = YES;
				CLANG_WARN_OBJC_IMPLICIT_RETAIN_SELF = YES;
				CLANG_WARN_OBJC_LITERAL_CONVERSION = YES;
				CLANG_WARN_OBJC_ROOT_CLASS = YES_ERROR;
				CLANG_WARN_RANGE_LOOP_ANALYSIS = YES;
				CLANG_WARN_STRICT_PROTOTYPES = YES;
				CLANG_WARN_SUSPICIOUS_MOVE = YES;
				CLANG_WARN_UNGUARDED_AVAILABILITY = YES_AGGRESSIVE;
				CLANG_WARN_UNREACHABLE_CODE = YES;
				CLANG_WARN__DUPLICATE_METHOD_MATCH = YES;
				CODE_SIGN_IDENTITY = "iPhone Developer";
				COPY_PHASE_STRIP = NO;
				DEBUG_INFORMATION_FORMAT = dwarf;
				ENABLE_STRICT_OBJC_MSGSEND = YES;
				ENABLE_TESTABILITY = YES;
				GCC_C_LANGUAGE_STANDARD = gnu11;
				GCC_DYNAMIC_NO_PIC = NO;
				GCC_NO_COMMON_BLOCKS = YES;
				GCC_OPTIMIZATION_LEVEL = 0;
				GCC_PREPROCESSOR_DEFINITIONS = (
					"DEBUG=1",
					"$(inherited)",
				);
				GCC_WARN_64_TO_32_BIT_CONVERSION = YES;
				GCC_WARN_ABOUT_RETURN_TYPE = YES_ERROR;
				GCC_WARN_UNDECLARED_SELECTOR = YES;
				GCC_WARN_UNINITIALIZED_AUTOS = YES_AGGRESSIVE;
				GCC_WARN_UNUSED_FUNCTION = YES;
				GCC_WARN_UNUSED_VARIABLE = YES;
				IPHONEOS_DEPLOYMENT_TARGET = 12.1;
				MTL_ENABLE_DEBUG_INFO = INCLUDE_SOURCE;
				MTL_FAST_MATH = YES;
				ONLY_ACTIVE_ARCH = YES;
				SDKROOT = iphoneos;
				SWIFT_ACTIVE_COMPILATION_CONDITIONS = DEBUG;
				SWIFT_OPTIMIZATION_LEVEL = "-Onone";
			};
			name = Debug;
		};
		B6DE35E42292A2320080A16D /* Release */ = {
			isa = XCBuildConfiguration;
			buildSettings = {
				ALWAYS_SEARCH_USER_PATHS = NO;
				CLANG_ANALYZER_NONNULL = YES;
				CLANG_ANALYZER_NUMBER_OBJECT_CONVERSION = YES_AGGRESSIVE;
				CLANG_CXX_LANGUAGE_STANDARD = "gnu++14";
				CLANG_CXX_LIBRARY = "libc++";
				CLANG_ENABLE_MODULES = YES;
				CLANG_ENABLE_OBJC_ARC = YES;
				CLANG_ENABLE_OBJC_WEAK = YES;
				CLANG_WARN_BLOCK_CAPTURE_AUTORELEASING = YES;
				CLANG_WARN_BOOL_CONVERSION = YES;
				CLANG_WARN_COMMA = YES;
				CLANG_WARN_CONSTANT_CONVERSION = YES;
				CLANG_WARN_DEPRECATED_OBJC_IMPLEMENTATIONS = YES;
				CLANG_WARN_DIRECT_OBJC_ISA_USAGE = YES_ERROR;
				CLANG_WARN_DOCUMENTATION_COMMENTS = YES;
				CLANG_WARN_EMPTY_BODY = YES;
				CLANG_WARN_ENUM_CONVERSION = YES;
				CLANG_WARN_INFINITE_RECURSION = YES;
				CLANG_WARN_INT_CONVERSION = YES;
				CLANG_WARN_NON_LITERAL_NULL_CONVERSION = YES;
				CLANG_WARN_OBJC_IMPLICIT_RETAIN_SELF = YES;
				CLANG_WARN_OBJC_LITERAL_CONVERSION = YES;
				CLANG_WARN_OBJC_ROOT_CLASS = YES_ERROR;
				CLANG_WARN_RANGE_LOOP_ANALYSIS = YES;
				CLANG_WARN_STRICT_PROTOTYPES = YES;
				CLANG_WARN_SUSPICIOUS_MOVE = YES;
				CLANG_WARN_UNGUARDED_AVAILABILITY = YES_AGGRESSIVE;
				CLANG_WARN_UNREACHABLE_CODE = YES;
				CLANG_WARN__DUPLICATE_METHOD_MATCH = YES;
				CODE_SIGN_IDENTITY = "iPhone Developer";
				COPY_PHASE_STRIP = NO;
				DEBUG_INFORMATION_FORMAT = "dwarf-with-dsym";
				ENABLE_NS_ASSERTIONS = NO;
				ENABLE_STRICT_OBJC_MSGSEND = YES;
				GCC_C_LANGUAGE_STANDARD = gnu11;
				GCC_NO_COMMON_BLOCKS = YES;
				GCC_WARN_64_TO_32_BIT_CONVERSION = YES;
				GCC_WARN_ABOUT_RETURN_TYPE = YES_ERROR;
				GCC_WARN_UNDECLARED_SELECTOR = YES;
				GCC_WARN_UNINITIALIZED_AUTOS = YES_AGGRESSIVE;
				GCC_WARN_UNUSED_FUNCTION = YES;
				GCC_WARN_UNUSED_VARIABLE = YES;
				IPHONEOS_DEPLOYMENT_TARGET = 12.1;
				MTL_ENABLE_DEBUG_INFO = NO;
				MTL_FAST_MATH = YES;
				SDKROOT = iphoneos;
				SWIFT_COMPILATION_MODE = wholemodule;
				SWIFT_OPTIMIZATION_LEVEL = "-O";
				VALIDATE_PRODUCT = YES;
			};
			name = Release;
		};
		B6DE35E62292A2320080A16D /* Debug */ = {
			isa = XCBuildConfiguration;
			baseConfigurationReference = 61A033BEB3A3C3EAE05A6815 /* Pods-TripTravel.debug.xcconfig */;
			buildSettings = {
				ASSETCATALOG_COMPILER_APPICON_NAME = AppIcon;
				CODE_SIGN_STYLE = Automatic;
				INFOPLIST_FILE = TripTravel/Info.plist;
				IPHONEOS_DEPLOYMENT_TARGET = 11.3;
				LD_RUNPATH_SEARCH_PATHS = (
					"$(inherited)",
					"@executable_path/Frameworks",
				);
				PRODUCT_BUNDLE_IDENTIFIER = com.net.TripTravel;
				PRODUCT_NAME = "$(TARGET_NAME)";
				SWIFT_VERSION = 4.2;
				TARGETED_DEVICE_FAMILY = 1;
			};
			name = Debug;
		};
		B6DE35E72292A2320080A16D /* Release */ = {
			isa = XCBuildConfiguration;
			baseConfigurationReference = 3F88508E5CB4A063AB234A01 /* Pods-TripTravel.release.xcconfig */;
			buildSettings = {
				ASSETCATALOG_COMPILER_APPICON_NAME = AppIcon;
				CODE_SIGN_STYLE = Automatic;
				INFOPLIST_FILE = TripTravel/Info.plist;
				IPHONEOS_DEPLOYMENT_TARGET = 11.3;
				LD_RUNPATH_SEARCH_PATHS = (
					"$(inherited)",
					"@executable_path/Frameworks",
				);
				PRODUCT_BUNDLE_IDENTIFIER = com.net.TripTravel;
				PRODUCT_NAME = "$(TARGET_NAME)";
				SWIFT_VERSION = 4.2;
				TARGETED_DEVICE_FAMILY = 1;
			};
			name = Release;
		};
/* End XCBuildConfiguration section */

/* Begin XCConfigurationList section */
		B6DE35CB2292A2300080A16D /* Build configuration list for PBXProject "TripTravel" */ = {
			isa = XCConfigurationList;
			buildConfigurations = (
				B6DE35E32292A2320080A16D /* Debug */,
				B6DE35E42292A2320080A16D /* Release */,
			);
			defaultConfigurationIsVisible = 0;
			defaultConfigurationName = Release;
		};
		B6DE35E52292A2320080A16D /* Build configuration list for PBXNativeTarget "TripTravel" */ = {
			isa = XCConfigurationList;
			buildConfigurations = (
				B6DE35E62292A2320080A16D /* Debug */,
				B6DE35E72292A2320080A16D /* Release */,
			);
			defaultConfigurationIsVisible = 0;
			defaultConfigurationName = Release;
		};
/* End XCConfigurationList section */

/* Begin XCVersionGroup section */
		B6DE35DA2292A2300080A16D /* TripTravel.xcdatamodeld */ = {
			isa = XCVersionGroup;
			children = (
				B6DE35DB2292A2300080A16D /* TripTravel.xcdatamodel */,
			);
			currentVersion = B6DE35DB2292A2300080A16D /* TripTravel.xcdatamodel */;
			path = TripTravel.xcdatamodeld;
			sourceTree = "<group>";
			versionGroupType = wrapper.xcdatamodel;
		};
/* End XCVersionGroup section */
	};
	rootObject = B6DE35C82292A2300080A16D /* Project object */;
}
